
Microsoft Visual Studio Solution File, Format Version 12.00
# Visual Studio 15
VisualStudioVersion = 15.0.28307.1401
MinimumVisualStudioVersion = 10.0.40219.1
Project("{8BC9CEB8-8B4A-11D0-8D11-00A0C91BC942}") = "6task_do_while", "6task_do_while\6task_do_while.vcxproj", "{17CF6AF6-D35D-4173-8E8D-D39844375470}"
EndProject
Global
	GlobalSection(SolutionConfigurationPlatforms) = preSolution
		Debug|x64 = Debug|x64
		Debug|x86 = Debug|x86
		Release|x64 = Release|x64
		Release|x86 = Release|x86
	EndGlobalSection
	GlobalSection(ProjectConfigurationPlatforms) = postSolution
		{17CF6AF6-D35D-4173-8E8D-D39844375470}.Debug|x64.ActiveCfg = Debug|x64
		{17CF6AF6-D35D-4173-8E8D-D39844375470}.Debug|x64.Build.0 = Debug|x64
		{17CF6AF6-D35D-4173-8E8D-D39844375470}.Debug|x86.ActiveCfg = Debug|Win32
		{17CF6AF6-D35D-4173-8E8D-D39844375470}.Debug|x86.Build.0 = Debug|Win32
		{17CF6AF6-D35D-4173-8E8D-D39844375470}.Release|x64.ActiveCfg = Release|x64
		{17CF6AF6-D35D-4173-8E8D-D39844375470}.Release|x64.Build.0 = Release|x64
		{17CF6AF6-D35D-4173-8E8D-D39844375470}.Release|x86.ActiveCfg = Release|Win32
		{17CF6AF6-D35D-4173-8E8D-D39844375470}.Release|x86.Build.0 = Release|Win32
	EndGlobalSection
	GlobalSection(SolutionProperties) = preSolution
		HideSolutionNode = FALSE
	EndGlobalSection
	GlobalSection(ExtensibilityGlobals) = postSolution
		SolutionGuid = {FDEA7D4B-6D7B-4E99-804E-109931EE82A0}
	EndGlobalSection
EndGlobal
